
Microsoft Visual Studio Solution File, Format Version 12.00
# Visual Studio Version 16
VisualStudioVersion = 16.0.30204.135
MinimumVisualStudioVersion = 10.0.40219.1
Project("{2150E333-8FDC-42A3-9474-1A3956D46DE8}") = "Group-01", "Group-01", "{6A8E4201-998C-4034-96E6-CA7CA7B4743C}"
EndProject
Project("{2150E333-8FDC-42A3-9474-1A3956D46DE8}") = "Utilities", "Utilities", "{A6222A81-01C5-4825-8ADB-B8E0C4536FDC}"
EndProject
Project("{2150E333-8FDC-42A3-9474-1A3956D46DE8}") = "Test", "Test", "{7CF075F3-AAB1-4038-816E-D90FCC8E8B5E}"
EndProject
Project("{FAE04EC0-301F-11D3-BF4B-00C04F79EFBC}") = "Pattern.Test", "Test\Pattern.Test\Pattern.Test.csproj", "{E35FCC47-4C62-4083-A4BC-C9D2F6C34BBD}"
EndProject
Project("{9A19103F-16F7-4668-BE54-9A1E7A4F7556}") = "BasicEssentials", "Utilities\BasicEssentials\BasicEssentials.csproj", "{E546944C-2B28-4805-9D38-0F5B2C378AC4}"
EndProject
Project("{9A19103F-16F7-4668-BE54-9A1E7A4F7556}") = "Comparable", "Group-01\Comparable\Comparable.csproj", "{C1CE05BD-1D3E-4684-9568-8300201CBA06}"
EndProject
Global
	GlobalSection(SolutionConfigurationPlatforms) = preSolution
		Debug|Any CPU = Debug|Any CPU
		Release|Any CPU = Release|Any CPU
	EndGlobalSection
	GlobalSection(ProjectConfigurationPlatforms) = postSolution
		{E35FCC47-4C62-4083-A4BC-C9D2F6C34BBD}.Debug|Any CPU.ActiveCfg = Debug|Any CPU
		{E35FCC47-4C62-4083-A4BC-C9D2F6C34BBD}.Debug|Any CPU.Build.0 = Debug|Any CPU
		{E35FCC47-4C62-4083-A4BC-C9D2F6C34BBD}.Release|Any CPU.ActiveCfg = Release|Any CPU
		{E35FCC47-4C62-4083-A4BC-C9D2F6C34BBD}.Release|Any CPU.Build.0 = Release|Any CPU
		{E546944C-2B28-4805-9D38-0F5B2C378AC4}.Debug|Any CPU.ActiveCfg = Debug|Any CPU
		{E546944C-2B28-4805-9D38-0F5B2C378AC4}.Debug|Any CPU.Build.0 = Debug|Any CPU
		{E546944C-2B28-4805-9D38-0F5B2C378AC4}.Release|Any CPU.ActiveCfg = Release|Any CPU
		{E546944C-2B28-4805-9D38-0F5B2C378AC4}.Release|Any CPU.Build.0 = Release|Any CPU
		{C1CE05BD-1D3E-4684-9568-8300201CBA06}.Debug|Any CPU.ActiveCfg = Debug|Any CPU
		{C1CE05BD-1D3E-4684-9568-8300201CBA06}.Debug|Any CPU.Build.0 = Debug|Any CPU
		{C1CE05BD-1D3E-4684-9568-8300201CBA06}.Release|Any CPU.ActiveCfg = Release|Any CPU
		{C1CE05BD-1D3E-4684-9568-8300201CBA06}.Release|Any CPU.Build.0 = Release|Any CPU
	EndGlobalSection
	GlobalSection(SolutionProperties) = preSolution
		HideSolutionNode = FALSE
	EndGlobalSection
	GlobalSection(NestedProjects) = preSolution
		{E35FCC47-4C62-4083-A4BC-C9D2F6C34BBD} = {7CF075F3-AAB1-4038-816E-D90FCC8E8B5E}
		{E546944C-2B28-4805-9D38-0F5B2C378AC4} = {A6222A81-01C5-4825-8ADB-B8E0C4536FDC}
		{C1CE05BD-1D3E-4684-9568-8300201CBA06} = {6A8E4201-998C-4034-96E6-CA7CA7B4743C}
	EndGlobalSection
	GlobalSection(ExtensibilityGlobals) = postSolution
		SolutionGuid = {1C1B8266-EED9-47D4-8551-53F88561E530}
	EndGlobalSection
EndGlobal
