
Microsoft Visual Studio Solution File, Format Version 12.00
# Visual Studio Version 16
VisualStudioVersion = 16.0.30204.135
MinimumVisualStudioVersion = 10.0.40219.1
Project("{2150E333-8FDC-42A3-9474-1A3956D46DE8}") = "Group-01", "Group-01", "{6A8E4201-998C-4034-96E6-CA7CA7B4743C}"
EndProject
Project("{2150E333-8FDC-42A3-9474-1A3956D46DE8}") = "Utilities", "Utilities", "{A6222A81-01C5-4825-8ADB-B8E0C4536FDC}"
	ProjectSection(SolutionItems) = preProject
		Anti-Pattern.txt = Anti-Pattern.txt
	EndProjectSection
EndProject
Project("{2150E333-8FDC-42A3-9474-1A3956D46DE8}") = "Test", "Test", "{7CF075F3-AAB1-4038-816E-D90FCC8E8B5E}"
EndProject
Project("{9A19103F-16F7-4668-BE54-9A1E7A4F7556}") = "Pattern.Test", "Test\Pattern.Test\Pattern.Test.csproj", "{E35FCC47-4C62-4083-A4BC-C9D2F6C34BBD}"
EndProject
Project("{9A19103F-16F7-4668-BE54-9A1E7A4F7556}") = "Comparable", "Group-01\Comparable\Comparable.csproj", "{F36C9880-B4BE-42BE-B023-D4BD9E1E71A3}"
EndProject
Project("{9A19103F-16F7-4668-BE54-9A1E7A4F7556}") = "BasicEssentials", "Utilities\BasicEssentials\BasicEssentials.csproj", "{7FCEB85B-3AD5-4749-B7CC-4D14CA8B5DFA}"
EndProject
Project("{9A19103F-16F7-4668-BE54-9A1E7A4F7556}") = "Pattern.Benchmark", "Pattern.Benchmark\Pattern.Benchmark.csproj", "{DA401CF4-3F19-42F1-B998-5327DE58FDF6}"
EndProject
Project("{2150E333-8FDC-42A3-9474-1A3956D46DE8}") = "APIs", "APIs", "{AC7B90CF-2024-461F-81F4-7CE3CBC6AD63}"
EndProject
Project("{9A19103F-16F7-4668-BE54-9A1E7A4F7556}") = "Poke.API", "APIs\Poke.API\Poke.API.csproj", "{20E7BC68-0593-4241-82EE-1B13AA9B173E}"
EndProject
Project("{FAE04EC0-301F-11D3-BF4B-00C04F79EFBC}") = "Runner", "Utilities\Runner\Runner.csproj", "{6E77B0A1-808D-4BB9-9389-90E0223001AF}"
EndProject
Project("{FAE04EC0-301F-11D3-BF4B-00C04F79EFBC}") = "ClassLibrary1", "Utilities\ClassLibrary1\ClassLibrary1.csproj", "{7AD8BBB6-8AC4-439F-A48D-9BB12AC847CC}"
EndProject
Global
	GlobalSection(SolutionConfigurationPlatforms) = preSolution
		Debug|Any CPU = Debug|Any CPU
		Release|Any CPU = Release|Any CPU
	EndGlobalSection
	GlobalSection(ProjectConfigurationPlatforms) = postSolution
		{E35FCC47-4C62-4083-A4BC-C9D2F6C34BBD}.Debug|Any CPU.ActiveCfg = Debug|Any CPU
		{E35FCC47-4C62-4083-A4BC-C9D2F6C34BBD}.Debug|Any CPU.Build.0 = Debug|Any CPU
		{E35FCC47-4C62-4083-A4BC-C9D2F6C34BBD}.Release|Any CPU.ActiveCfg = Release|Any CPU
		{E35FCC47-4C62-4083-A4BC-C9D2F6C34BBD}.Release|Any CPU.Build.0 = Release|Any CPU
		{F36C9880-B4BE-42BE-B023-D4BD9E1E71A3}.Debug|Any CPU.ActiveCfg = Debug|Any CPU
		{F36C9880-B4BE-42BE-B023-D4BD9E1E71A3}.Debug|Any CPU.Build.0 = Debug|Any CPU
		{F36C9880-B4BE-42BE-B023-D4BD9E1E71A3}.Release|Any CPU.ActiveCfg = Release|Any CPU
		{F36C9880-B4BE-42BE-B023-D4BD9E1E71A3}.Release|Any CPU.Build.0 = Release|Any CPU
		{7FCEB85B-3AD5-4749-B7CC-4D14CA8B5DFA}.Debug|Any CPU.ActiveCfg = Debug|Any CPU
		{7FCEB85B-3AD5-4749-B7CC-4D14CA8B5DFA}.Debug|Any CPU.Build.0 = Debug|Any CPU
		{7FCEB85B-3AD5-4749-B7CC-4D14CA8B5DFA}.Release|Any CPU.ActiveCfg = Release|Any CPU
		{7FCEB85B-3AD5-4749-B7CC-4D14CA8B5DFA}.Release|Any CPU.Build.0 = Release|Any CPU
		{DA401CF4-3F19-42F1-B998-5327DE58FDF6}.Debug|Any CPU.ActiveCfg = Debug|Any CPU
		{DA401CF4-3F19-42F1-B998-5327DE58FDF6}.Debug|Any CPU.Build.0 = Debug|Any CPU
		{DA401CF4-3F19-42F1-B998-5327DE58FDF6}.Release|Any CPU.ActiveCfg = Release|Any CPU
		{DA401CF4-3F19-42F1-B998-5327DE58FDF6}.Release|Any CPU.Build.0 = Release|Any CPU
		{20E7BC68-0593-4241-82EE-1B13AA9B173E}.Debug|Any CPU.ActiveCfg = Debug|Any CPU
		{20E7BC68-0593-4241-82EE-1B13AA9B173E}.Debug|Any CPU.Build.0 = Debug|Any CPU
		{20E7BC68-0593-4241-82EE-1B13AA9B173E}.Release|Any CPU.ActiveCfg = Release|Any CPU
		{20E7BC68-0593-4241-82EE-1B13AA9B173E}.Release|Any CPU.Build.0 = Release|Any CPU
		{6E77B0A1-808D-4BB9-9389-90E0223001AF}.Debug|Any CPU.ActiveCfg = Debug|Any CPU
		{6E77B0A1-808D-4BB9-9389-90E0223001AF}.Debug|Any CPU.Build.0 = Debug|Any CPU
		{6E77B0A1-808D-4BB9-9389-90E0223001AF}.Release|Any CPU.ActiveCfg = Release|Any CPU
		{6E77B0A1-808D-4BB9-9389-90E0223001AF}.Release|Any CPU.Build.0 = Release|Any CPU
		{7AD8BBB6-8AC4-439F-A48D-9BB12AC847CC}.Debug|Any CPU.ActiveCfg = Debug|Any CPU
		{7AD8BBB6-8AC4-439F-A48D-9BB12AC847CC}.Debug|Any CPU.Build.0 = Debug|Any CPU
		{7AD8BBB6-8AC4-439F-A48D-9BB12AC847CC}.Release|Any CPU.ActiveCfg = Release|Any CPU
		{7AD8BBB6-8AC4-439F-A48D-9BB12AC847CC}.Release|Any CPU.Build.0 = Release|Any CPU
	EndGlobalSection
	GlobalSection(SolutionProperties) = preSolution
		HideSolutionNode = FALSE
	EndGlobalSection
	GlobalSection(NestedProjects) = preSolution
		{E35FCC47-4C62-4083-A4BC-C9D2F6C34BBD} = {7CF075F3-AAB1-4038-816E-D90FCC8E8B5E}
		{F36C9880-B4BE-42BE-B023-D4BD9E1E71A3} = {6A8E4201-998C-4034-96E6-CA7CA7B4743C}
		{7FCEB85B-3AD5-4749-B7CC-4D14CA8B5DFA} = {A6222A81-01C5-4825-8ADB-B8E0C4536FDC}
		{DA401CF4-3F19-42F1-B998-5327DE58FDF6} = {7CF075F3-AAB1-4038-816E-D90FCC8E8B5E}
		{20E7BC68-0593-4241-82EE-1B13AA9B173E} = {AC7B90CF-2024-461F-81F4-7CE3CBC6AD63}
		{6E77B0A1-808D-4BB9-9389-90E0223001AF} = {A6222A81-01C5-4825-8ADB-B8E0C4536FDC}
		{7AD8BBB6-8AC4-439F-A48D-9BB12AC847CC} = {A6222A81-01C5-4825-8ADB-B8E0C4536FDC}
	EndGlobalSection
	GlobalSection(ExtensibilityGlobals) = postSolution
		SolutionGuid = {1C1B8266-EED9-47D4-8551-53F88561E530}
	EndGlobalSection
EndGlobal
